
Microsoft Visual Studio Solution File, Format Version 12.00
# Visual Studio Version 16
VisualStudioVersion = 16.0.29411.108
MinimumVisualStudioVersion = 10.0.40219.1
Project("{9A19103F-16F7-4668-BE54-9A1E7A4F7556}") = "Peppermint.Qonto", "Peppermint.Qonto.Api\Peppermint.Qonto.csproj", "{F81BEF17-BEDC-49CF-9F2A-6868A8DCEB48}"
EndProject
Project("{9A19103F-16F7-4668-BE54-9A1E7A4F7556}") = "Peppermint.Qonto.Tests", "Peppermint.Qonto.Api.Tests\Peppermint.Qonto.Tests.csproj", "{682F0DAD-DF08-4A4E-A07A-80FFDD0E60FC}"
	ProjectSection(ProjectDependencies) = postProject
		{F81BEF17-BEDC-49CF-9F2A-6868A8DCEB48} = {F81BEF17-BEDC-49CF-9F2A-6868A8DCEB48}
	EndProjectSection
EndProject
Global
	GlobalSection(SolutionConfigurationPlatforms) = preSolution
		Debug|Any CPU = Debug|Any CPU
		Release|Any CPU = Release|Any CPU
	EndGlobalSection
	GlobalSection(ProjectConfigurationPlatforms) = postSolution
		{F81BEF17-BEDC-49CF-9F2A-6868A8DCEB48}.Debug|Any CPU.ActiveCfg = Debug|Any CPU
		{F81BEF17-BEDC-49CF-9F2A-6868A8DCEB48}.Debug|Any CPU.Build.0 = Debug|Any CPU
		{F81BEF17-BEDC-49CF-9F2A-6868A8DCEB48}.Release|Any CPU.ActiveCfg = Release|Any CPU
		{F81BEF17-BEDC-49CF-9F2A-6868A8DCEB48}.Release|Any CPU.Build.0 = Release|Any CPU
		{682F0DAD-DF08-4A4E-A07A-80FFDD0E60FC}.Debug|Any CPU.ActiveCfg = Debug|Any CPU
		{682F0DAD-DF08-4A4E-A07A-80FFDD0E60FC}.Debug|Any CPU.Build.0 = Debug|Any CPU
		{682F0DAD-DF08-4A4E-A07A-80FFDD0E60FC}.Release|Any CPU.ActiveCfg = Release|Any CPU
		{682F0DAD-DF08-4A4E-A07A-80FFDD0E60FC}.Release|Any CPU.Build.0 = Release|Any CPU
	EndGlobalSection
	GlobalSection(SolutionProperties) = preSolution
		HideSolutionNode = FALSE
	EndGlobalSection
	GlobalSection(ExtensibilityGlobals) = postSolution
		SolutionGuid = {14346162-5E24-40B8-A9B3-15A816DDEA07}
	EndGlobalSection
EndGlobal
